
Microsoft Visual Studio Solution File, Format Version 12.00
# Visual Studio Version 16
VisualStudioVersion = 16.0.30523.141
MinimumVisualStudioVersion = 10.0.40219.1
Project("{9A19103F-16F7-4668-BE54-9A1E7A4F7556}") = "Single.Responsibility", "Single.Responsibility\Single.Responsibility.csproj", "{BD7712F7-92A8-4E52-BB83-DABB1C4C0D04}"
EndProject
Project("{9A19103F-16F7-4668-BE54-9A1E7A4F7556}") = "Open.Closed", "Open.Closed\Open.Closed.csproj", "{226E0916-F276-4049-B06A-4B6ABBBE9BCF}"
EndProject
Project("{9A19103F-16F7-4668-BE54-9A1E7A4F7556}") = "Liskov.Substitution", "Liskov.Segregation\Liskov.Substitution.csproj", "{5505CD68-8BAB-4B42-80D1-77D0474ECEA9}"
EndProject
Project("{FAE04EC0-301F-11D3-BF4B-00C04F79EFBC}") = "Interface.Segregation", "Interface.Segregation\Interface.Segregation.csproj", "{C991D282-F737-452A-BE67-8C2AB1283912}"
EndProject
Project("{FAE04EC0-301F-11D3-BF4B-00C04F79EFBC}") = "Dependency.Inversion", "Dependency.Inversion\Dependency.Inversion.csproj", "{241AE178-1292-4550-A39E-3C63E50F4AD7}"
EndProject
Global
	GlobalSection(SolutionConfigurationPlatforms) = preSolution
		Debug|Any CPU = Debug|Any CPU
		Release|Any CPU = Release|Any CPU
	EndGlobalSection
	GlobalSection(ProjectConfigurationPlatforms) = postSolution
		{BD7712F7-92A8-4E52-BB83-DABB1C4C0D04}.Debug|Any CPU.ActiveCfg = Debug|Any CPU
		{BD7712F7-92A8-4E52-BB83-DABB1C4C0D04}.Debug|Any CPU.Build.0 = Debug|Any CPU
		{BD7712F7-92A8-4E52-BB83-DABB1C4C0D04}.Release|Any CPU.ActiveCfg = Release|Any CPU
		{BD7712F7-92A8-4E52-BB83-DABB1C4C0D04}.Release|Any CPU.Build.0 = Release|Any CPU
		{226E0916-F276-4049-B06A-4B6ABBBE9BCF}.Debug|Any CPU.ActiveCfg = Debug|Any CPU
		{226E0916-F276-4049-B06A-4B6ABBBE9BCF}.Debug|Any CPU.Build.0 = Debug|Any CPU
		{226E0916-F276-4049-B06A-4B6ABBBE9BCF}.Release|Any CPU.ActiveCfg = Release|Any CPU
		{226E0916-F276-4049-B06A-4B6ABBBE9BCF}.Release|Any CPU.Build.0 = Release|Any CPU
		{5505CD68-8BAB-4B42-80D1-77D0474ECEA9}.Debug|Any CPU.ActiveCfg = Debug|Any CPU
		{5505CD68-8BAB-4B42-80D1-77D0474ECEA9}.Debug|Any CPU.Build.0 = Debug|Any CPU
		{5505CD68-8BAB-4B42-80D1-77D0474ECEA9}.Release|Any CPU.ActiveCfg = Release|Any CPU
		{5505CD68-8BAB-4B42-80D1-77D0474ECEA9}.Release|Any CPU.Build.0 = Release|Any CPU
		{C991D282-F737-452A-BE67-8C2AB1283912}.Debug|Any CPU.ActiveCfg = Debug|Any CPU
		{C991D282-F737-452A-BE67-8C2AB1283912}.Debug|Any CPU.Build.0 = Debug|Any CPU
		{C991D282-F737-452A-BE67-8C2AB1283912}.Release|Any CPU.ActiveCfg = Release|Any CPU
		{C991D282-F737-452A-BE67-8C2AB1283912}.Release|Any CPU.Build.0 = Release|Any CPU
		{241AE178-1292-4550-A39E-3C63E50F4AD7}.Debug|Any CPU.ActiveCfg = Debug|Any CPU
		{241AE178-1292-4550-A39E-3C63E50F4AD7}.Debug|Any CPU.Build.0 = Debug|Any CPU
		{241AE178-1292-4550-A39E-3C63E50F4AD7}.Release|Any CPU.ActiveCfg = Release|Any CPU
		{241AE178-1292-4550-A39E-3C63E50F4AD7}.Release|Any CPU.Build.0 = Release|Any CPU
	EndGlobalSection
	GlobalSection(SolutionProperties) = preSolution
		HideSolutionNode = FALSE
	EndGlobalSection
	GlobalSection(ExtensibilityGlobals) = postSolution
		SolutionGuid = {B33E4712-DEED-4D1D-A1CA-A06009D96C72}
	EndGlobalSection
EndGlobal
